
Microsoft Visual Studio Solution File, Format Version 12.00
# Visual Studio Version 17
VisualStudioVersion = 17.6.33723.286
MinimumVisualStudioVersion = 10.0.40219.1
Project("{9A19103F-16F7-4668-BE54-9A1E7A4F7556}") = "DemoConnectMongoDB", "DemoConnectMongoDB.csproj", "{621A2A30-8AD5-42DF-97EC-285F47F12107}"
EndProject
Project("{9A19103F-16F7-4668-BE54-9A1E7A4F7556}") = "LaAPI", "..\LaAPI\LaAPI.csproj", "{77377141-A4FB-471F-8118-70493CA04C55}"
EndProject
Project("{FAE04EC0-301F-11D3-BF4B-00C04F79EFBC}") = "LaClient", "..\LaClient\LaClient.csproj", "{608E1563-0938-4F40-A80E-7482449D1784}"
EndProject
Global
	GlobalSection(SolutionConfigurationPlatforms) = preSolution
		Debug|Any CPU = Debug|Any CPU
		Release|Any CPU = Release|Any CPU
	EndGlobalSection
	GlobalSection(ProjectConfigurationPlatforms) = postSolution
		{621A2A30-8AD5-42DF-97EC-285F47F12107}.Debug|Any CPU.ActiveCfg = Debug|Any CPU
		{621A2A30-8AD5-42DF-97EC-285F47F12107}.Debug|Any CPU.Build.0 = Debug|Any CPU
		{621A2A30-8AD5-42DF-97EC-285F47F12107}.Release|Any CPU.ActiveCfg = Release|Any CPU
		{621A2A30-8AD5-42DF-97EC-285F47F12107}.Release|Any CPU.Build.0 = Release|Any CPU
		{77377141-A4FB-471F-8118-70493CA04C55}.Debug|Any CPU.ActiveCfg = Debug|Any CPU
		{77377141-A4FB-471F-8118-70493CA04C55}.Debug|Any CPU.Build.0 = Debug|Any CPU
		{77377141-A4FB-471F-8118-70493CA04C55}.Release|Any CPU.ActiveCfg = Release|Any CPU
		{77377141-A4FB-471F-8118-70493CA04C55}.Release|Any CPU.Build.0 = Release|Any CPU
		{608E1563-0938-4F40-A80E-7482449D1784}.Debug|Any CPU.ActiveCfg = Debug|Any CPU
		{608E1563-0938-4F40-A80E-7482449D1784}.Debug|Any CPU.Build.0 = Debug|Any CPU
		{608E1563-0938-4F40-A80E-7482449D1784}.Release|Any CPU.ActiveCfg = Release|Any CPU
		{608E1563-0938-4F40-A80E-7482449D1784}.Release|Any CPU.Build.0 = Release|Any CPU
	EndGlobalSection
	GlobalSection(SolutionProperties) = preSolution
		HideSolutionNode = FALSE
	EndGlobalSection
	GlobalSection(ExtensibilityGlobals) = postSolution
		SolutionGuid = {F0BE7833-880B-4C38-AD69-77968F9EA83D}
	EndGlobalSection
EndGlobal
